// !$*UTF8*$!
{
	archiveVersion = 1;
	classes = {
	};
	objectVersion = 46;
	objects = {

/* Begin PBXFileReference section */
		1EB0DAA31D1001C300C63606 /* Cargo.toml */ = {isa = PBXFileReference; fileEncoding = 4; lastKnownFileType = text; path = Cargo.toml; sourceTree = "<group>"; };
		1EB0DAA51D1001C300C63606 /* main.rs */ = {isa = PBXFileReference; fileEncoding = 4; lastKnownFileType = text; path = main.rs; sourceTree = "<group>"; };
/* End PBXFileReference section */

/* Begin PBXGroup section */
		1EB0DA931D0FFF0A00C63606 = {
			isa = PBXGroup;
			children = (
				1EB0DAA21D1001C300C63606 /* rust_xcode */,
			);
			sourceTree = "<group>";
		};
		1EB0DAA21D1001C300C63606 /* rust_xcode */ = {
			isa = PBXGroup;
			children = (
				1EB0DAA31D1001C300C63606 /* Cargo.toml */,
				1EB0DAA41D1001C300C63606 /* src */,
			);
			path = rust_xcode;
			sourceTree = "<group>";
		};
		1EB0DAA41D1001C300C63606 /* src */ = {
			isa = PBXGroup;
			children = (
				1EB0DAA51D1001C300C63606 /* main.rs */,
			);
			path = src;
			sourceTree = "<group>";
		};
/* End PBXGroup section */

/* Begin PBXLegacyTarget section */
		1EB0DA981D0FFF0A00C63606 /* Rust-Xcode */ = {
			isa = PBXLegacyTarget;
			buildArgumentsString = build;
			buildConfigurationList = 1EB0DA9B1D0FFF0A00C63606 /* Build configuration list for PBXLegacyTarget "Rust-Xcode" */;
			buildPhases = (
			);
			buildToolPath = /usr/local/bin/cargo;
			buildWorkingDirectory = $SRCROOT/rust_xcode;
			dependencies = (
			);
			name = "Rust-Xcode";
			passBuildSettingsInEnvironment = 1;
			productName = "Rust-Xcode";
		};
/* End PBXLegacyTarget section */

/* Begin PBXProject section */
		1EB0DA941D0FFF0A00C63606 /* Project object */ = {
			isa = PBXProject;
			attributes = {
				LastUpgradeCheck = 0730;
				ORGANIZATIONNAME = "Siddharth Bhatt";
				TargetAttributes = {
					1EB0DA981D0FFF0A00C63606 = {
						CreatedOnToolsVersion = 7.3.1;
					};
				};
			};
			buildConfigurationList = 1EB0DA971D0FFF0A00C63606 /* Build configuration list for PBXProject "Rust-Xcode" */;
			compatibilityVersion = "Xcode 3.2";
			developmentRegion = English;
			hasScannedForEncodings = 0;
			knownRegions = (
				en,
			);
			mainGroup = 1EB0DA931D0FFF0A00C63606;
			projectDirPath = "";
			projectRoot = "";
			targets = (
				1EB0DA981D0FFF0A00C63606 /* Rust-Xcode */,
			);
		};
/* End PBXProject section */

/* Begin XCBuildConfiguration section */
		1EB0DA991D0FFF0A00C63606 /* Debug */ = {
			isa = XCBuildConfiguration;
			buildSettings = {
				ALWAYS_SEARCH_USER_PATHS = NO;
				CLANG_ANALYZER_NONNULL = YES;
				CLANG_CXX_LANGUAGE_STANDARD = "gnu++0x";
				CLANG_CXX_LIBRARY = "libc++";
				CLANG_ENABLE_MODULES = YES;
				CLANG_ENABLE_OBJC_ARC = YES;
				CLANG_WARN_BOOL_CONVERSION = YES;
				CLANG_WARN_CONSTANT_CONVERSION = YES;
				CLANG_WARN_DIRECT_OBJC_ISA_USAGE = YES_ERROR;
				CLANG_WARN_EMPTY_BODY = YES;
				CLANG_WARN_ENUM_CONVERSION = YES;
				CLANG_WARN_INT_CONVERSION = YES;
				CLANG_WARN_OBJC_ROOT_CLASS = YES_ERROR;
				CLANG_WARN_UNREACHABLE_CODE = YES;
				CLANG_WARN__DUPLICATE_METHOD_MATCH = YES;
				COPY_PHASE_STRIP = NO;
				DEBUG_INFORMATION_FORMAT = dwarf;
				ENABLE_STRICT_OBJC_MSGSEND = YES;
				ENABLE_TESTABILITY = YES;
				GCC_C_LANGUAGE_STANDARD = gnu99;
				GCC_DYNAMIC_NO_PIC = NO;
				GCC_NO_COMMON_BLOCKS = YES;
				GCC_OPTIMIZATION_LEVEL = 0;
				GCC_PREPROCESSOR_DEFINITIONS = (
					"DEBUG=1",
					"$(inherited)",
				);
				GCC_WARN_64_TO_32_BIT_CONVERSION = YES;
				GCC_WARN_ABOUT_RETURN_TYPE = YES_ERROR;
				GCC_WARN_UNDECLARED_SELECTOR = YES;
				GCC_WARN_UNINITIALIZED_AUTOS = YES_AGGRESSIVE;
				GCC_WARN_UNUSED_FUNCTION = YES;
				GCC_WARN_UNUSED_VARIABLE = YES;
				MTL_ENABLE_DEBUG_INFO = YES;
				ONLY_ACTIVE_ARCH = YES;
			};
			name = Debug;
		};
		1EB0DA9A1D0FFF0A00C63606 /* Release */ = {
			isa = XCBuildConfiguration;
			buildSettings = {
				ALWAYS_SEARCH_USER_PATHS = NO;
				CLANG_ANALYZER_NONNULL = YES;
				CLANG_CXX_LANGUAGE_STANDARD = "gnu++0x";
				CLANG_CXX_LIBRARY = "libc++";
				CLANG_ENABLE_MODULES = YES;
				CLANG_ENABLE_OBJC_ARC = YES;
				CLANG_WARN_BOOL_CONVERSION = YES;
				CLANG_WARN_CONSTANT_CONVERSION = YES;
				CLANG_WARN_DIRECT_OBJC_ISA_USAGE = YES_ERROR;
				CLANG_WARN_EMPTY_BODY = YES;
				CLANG_WARN_ENUM_CONVERSION = YES;
				CLANG_WARN_INT_CONVERSION = YES;
				CLANG_WARN_OBJC_ROOT_CLASS = YES_ERROR;
				CLANG_WARN_UNREACHABLE_CODE = YES;
				CLANG_WARN__DUPLICATE_METHOD_MATCH = YES;
				COPY_PHASE_STRIP = NO;
				DEBUG_INFORMATION_FORMAT = "dwarf-with-dsym";
				ENABLE_NS_ASSERTIONS = NO;
				ENABLE_STRICT_OBJC_MSGSEND = YES;
				GCC_C_LANGUAGE_STANDARD = gnu99;
				GCC_NO_COMMON_BLOCKS = YES;
				GCC_WARN_64_TO_32_BIT_CONVERSION = YES;
				GCC_WARN_ABOUT_RETURN_TYPE = YES_ERROR;
				GCC_WARN_UNDECLARED_SELECTOR = YES;
				GCC_WARN_UNINITIALIZED_AUTOS = YES_AGGRESSIVE;
				GCC_WARN_UNUSED_FUNCTION = YES;
				GCC_WARN_UNUSED_VARIABLE = YES;
				MTL_ENABLE_DEBUG_INFO = NO;
			};
			name = Release;
		};
		1EB0DA9C1D0FFF0A00C63606 /* Debug */ = {
			isa = XCBuildConfiguration;
			buildSettings = {
				DEBUGGING_SYMBOLS = YES;
				DEBUG_INFORMATION_FORMAT = dwarf;
				GCC_GENERATE_DEBUGGING_SYMBOLS = YES;
				GCC_OPTIMIZATION_LEVEL = 0;
				OTHER_CFLAGS = "";
				OTHER_LDFLAGS = "";
				PRODUCT_NAME = "$(TARGET_NAME)";
			};
			name = Debug;
		};
		1EB0DA9D1D0FFF0A00C63606 /* Release */ = {
			isa = XCBuildConfiguration;
			buildSettings = {
				DEBUG_INFORMATION_FORMAT = "dwarf-with-dsym";
				OTHER_CFLAGS = "";
				OTHER_LDFLAGS = "";
				PRODUCT_NAME = "$(TARGET_NAME)";
			};
			name = Release;
		};
/* End XCBuildConfiguration section */

/* Begin XCConfigurationList section */
		1EB0DA971D0FFF0A00C63606 /* Build configuration list for PBXProject "Rust-Xcode" */ = {
			isa = XCConfigurationList;
			buildConfigurations = (
				1EB0DA991D0FFF0A00C63606 /* Debug */,
				1EB0DA9A1D0FFF0A00C63606 /* Release */,
			);
			defaultConfigurationIsVisible = 0;
			defaultConfigurationName = Release;
		};
		1EB0DA9B1D0FFF0A00C63606 /* Build configuration list for PBXLegacyTarget "Rust-Xcode" */ = {
			isa = XCConfigurationList;
			buildConfigurations = (
				1EB0DA9C1D0FFF0A00C63606 /* Debug */,
				1EB0DA9D1D0FFF0A00C63606 /* Release */,
			);
			defaultConfigurationIsVisible = 0;
		};
/* End XCConfigurationList section */
	};
	rootObject = 1EB0DA941D0FFF0A00C63606 /* Project object */;
}
